
Microsoft Visual Studio Solution File, Format Version 12.00
# Visual Studio Version 16
VisualStudioVersion = 16.0.31402.337
MinimumVisualStudioVersion = 10.0.40219.1
Project("{FAE04EC0-301F-11D3-BF4B-00C04F79EFBC}") = "NHibernate Tutorial", "NHibernate Tutorial\NHibernate Tutorial.csproj", "{A03212BB-66A7-4083-B277-20CA41B0F4AD}"
EndProject
Project("{00D1A9C2-B5F0-4AF3-8072-F6C62B433612}") = "nhibernateSQL", "nhibernateSQL\nhibernateSQL.sqlproj", "{21989089-AC0E-4280-A487-849BD6CD1BF2}"
EndProject
Global
	GlobalSection(SolutionConfigurationPlatforms) = preSolution
		Debug|Any CPU = Debug|Any CPU
		Release|Any CPU = Release|Any CPU
	EndGlobalSection
	GlobalSection(ProjectConfigurationPlatforms) = postSolution
		{A03212BB-66A7-4083-B277-20CA41B0F4AD}.Debug|Any CPU.ActiveCfg = Debug|Any CPU
		{A03212BB-66A7-4083-B277-20CA41B0F4AD}.Debug|Any CPU.Build.0 = Debug|Any CPU
		{A03212BB-66A7-4083-B277-20CA41B0F4AD}.Release|Any CPU.ActiveCfg = Release|Any CPU
		{A03212BB-66A7-4083-B277-20CA41B0F4AD}.Release|Any CPU.Build.0 = Release|Any CPU
		{21989089-AC0E-4280-A487-849BD6CD1BF2}.Debug|Any CPU.ActiveCfg = Debug|Any CPU
		{21989089-AC0E-4280-A487-849BD6CD1BF2}.Debug|Any CPU.Build.0 = Debug|Any CPU
		{21989089-AC0E-4280-A487-849BD6CD1BF2}.Debug|Any CPU.Deploy.0 = Debug|Any CPU
		{21989089-AC0E-4280-A487-849BD6CD1BF2}.Release|Any CPU.ActiveCfg = Release|Any CPU
		{21989089-AC0E-4280-A487-849BD6CD1BF2}.Release|Any CPU.Build.0 = Release|Any CPU
		{21989089-AC0E-4280-A487-849BD6CD1BF2}.Release|Any CPU.Deploy.0 = Release|Any CPU
	EndGlobalSection
	GlobalSection(SolutionProperties) = preSolution
		HideSolutionNode = FALSE
	EndGlobalSection
	GlobalSection(ExtensibilityGlobals) = postSolution
		SolutionGuid = {8A528D04-668F-46AE-95E4-F9F413318224}
	EndGlobalSection
EndGlobal
